
Microsoft Visual Studio Solution File, Format Version 12.00
# Visual Studio Version 17
VisualStudioVersion = 17.10.35122.118
MinimumVisualStudioVersion = 10.0.40219.1
Project("{FAE04EC0-301F-11D3-BF4B-00C04F79EFBC}") = "BlazorWASM_API.Server", "BlazorWASM_API\Server\BlazorWASM_API.Server.csproj", "{14CF6255-D4BF-4A8C-AA79-ABF2C37098F7}"
EndProject
Project("{FAE04EC0-301F-11D3-BF4B-00C04F79EFBC}") = "BlazorWASM_API.Client", "BlazorWASM_API\Client\BlazorWASM_API.Client.csproj", "{93D32339-6E47-4202-B859-717914F6B76D}"
EndProject
Project("{FAE04EC0-301F-11D3-BF4B-00C04F79EFBC}") = "BlazorWASM_API.Shared", "BlazorWASM_API\Shared\BlazorWASM_API.Shared.csproj", "{A04ACFA1-2EDF-4BC5-ABD5-77575FF0681D}"
EndProject
Global
	GlobalSection(SolutionConfigurationPlatforms) = preSolution
		Debug|Any CPU = Debug|Any CPU
		Release|Any CPU = Release|Any CPU
	EndGlobalSection
	GlobalSection(ProjectConfigurationPlatforms) = postSolution
		{14CF6255-D4BF-4A8C-AA79-ABF2C37098F7}.Debug|Any CPU.ActiveCfg = Debug|Any CPU
		{14CF6255-D4BF-4A8C-AA79-ABF2C37098F7}.Debug|Any CPU.Build.0 = Debug|Any CPU
		{14CF6255-D4BF-4A8C-AA79-ABF2C37098F7}.Release|Any CPU.ActiveCfg = Release|Any CPU
		{14CF6255-D4BF-4A8C-AA79-ABF2C37098F7}.Release|Any CPU.Build.0 = Release|Any CPU
		{93D32339-6E47-4202-B859-717914F6B76D}.Debug|Any CPU.ActiveCfg = Debug|Any CPU
		{93D32339-6E47-4202-B859-717914F6B76D}.Debug|Any CPU.Build.0 = Debug|Any CPU
		{93D32339-6E47-4202-B859-717914F6B76D}.Release|Any CPU.ActiveCfg = Release|Any CPU
		{93D32339-6E47-4202-B859-717914F6B76D}.Release|Any CPU.Build.0 = Release|Any CPU
		{A04ACFA1-2EDF-4BC5-ABD5-77575FF0681D}.Debug|Any CPU.ActiveCfg = Debug|Any CPU
		{A04ACFA1-2EDF-4BC5-ABD5-77575FF0681D}.Debug|Any CPU.Build.0 = Debug|Any CPU
		{A04ACFA1-2EDF-4BC5-ABD5-77575FF0681D}.Release|Any CPU.ActiveCfg = Release|Any CPU
		{A04ACFA1-2EDF-4BC5-ABD5-77575FF0681D}.Release|Any CPU.Build.0 = Release|Any CPU
	EndGlobalSection
	GlobalSection(SolutionProperties) = preSolution
		HideSolutionNode = FALSE
	EndGlobalSection
	GlobalSection(ExtensibilityGlobals) = postSolution
		SolutionGuid = {58E4F790-8C17-41E1-8EA0-0FA0560F9356}
	EndGlobalSection
EndGlobal
